
Microsoft Visual Studio Solution File, Format Version 12.00
# Visual Studio Version 16
VisualStudioVersion = 16.0.30225.117
MinimumVisualStudioVersion = 10.0.40219.1
Project("{FAE04EC0-301F-11D3-BF4B-00C04F79EFBC}") = "Praktyki", "Praktyki.csproj", "{0A5ECFCB-62F0-44BD-BC75-A71E391AEDFB}"
EndProject
Global
	GlobalSection(SolutionConfigurationPlatforms) = preSolution
		Debug|Any CPU = Debug|Any CPU
		Release|Any CPU = Release|Any CPU
	EndGlobalSection
	GlobalSection(ProjectConfigurationPlatforms) = postSolution
		{0A5ECFCB-62F0-44BD-BC75-A71E391AEDFB}.Debug|Any CPU.ActiveCfg = Debug|Any CPU
		{0A5ECFCB-62F0-44BD-BC75-A71E391AEDFB}.Debug|Any CPU.Build.0 = Debug|Any CPU
		{0A5ECFCB-62F0-44BD-BC75-A71E391AEDFB}.Release|Any CPU.ActiveCfg = Release|Any CPU
		{0A5ECFCB-62F0-44BD-BC75-A71E391AEDFB}.Release|Any CPU.Build.0 = Release|Any CPU
	EndGlobalSection
	GlobalSection(SolutionProperties) = preSolution
		HideSolutionNode = FALSE
	EndGlobalSection
	GlobalSection(ExtensibilityGlobals) = postSolution
		SolutionGuid = {64D0755D-1EFD-4722-BB21-658F1076DEA3}
	EndGlobalSection
EndGlobal
